github.com/speedata/goxml v1.0.9 h1:SJ607OEFUGFYabspu+dX5tgvIoO7gtKCqsdSnuFnDW4=
github.com/speedata/goxml v1.0.9/go.mod h1:G++cv0h2rC8ltAhvQmANDgwMbKRd3MetXlF8PLob6dw=
github.com/speedata/goxpath v1.0.11 h1:+RGojTaY+1ktVPC+MHrrci9t2LMDUzkgVPvYX8/BNWs=
github.com/speedata/goxpath v1.0.11/go.mod h1:ZrjnDd5r2gw+20UvSM2EGHDwz3qKIp3DmkoCYzxLKiM=
github.com/speedata/optionparser v1.1.1 h1:fGVD7n3bzRQH/T1iHpUNzdP1hMAgQSY85LTfqxDZ1zM=
github.com/speedata/optionparser v1.1.1/go.mod h1:JzOMd1kGlM5gtPBy7reOayfHsTXCvd6P4JU8BW0LicE=
golang.org/x/net v0.48.0 h1:zyQRTTrjc33Lhh0fBgT/H3oZq9WuvRR5gPC70xpDiQU=
golang.org/x/net v0.48.0/go.mod h1:+ndRgGjkh8FGtu1w1FGbEC31if4VrNVMuKTgcAAnQRY=
golang.org/x/text v0.36.0 h1:JfKh3XmcRPqZPKevfXVpI1wXPTqbkE5f7JA92a55Yxg=
golang.org/x/text v0.36.0/go.mod h1:NIdBknypM8iqVmPiuco0Dh6P5Jcdk8lJL0CUebqK164=
