github.com/speedata/goxml v1.0.11 h1:k/qjnKEnR2SAg45fjaxT4+zW9heVXxieANUeny9Bw8M=
github.com/speedata/goxml v1.0.11/go.mod h1:G++cv0h2rC8ltAhvQmANDgwMbKRd3MetXlF8PLob6dw=
github.com/speedata/goxpath v1.0.18 h1:W/KKl01tOq+bUY9PvDF2oiLazfeaQeVHlV5eJGqT5Ek=
github.com/speedata/goxpath v1.0.18/go.mod h1:pHarVNKeRc0jWFBPHo3JuxP3qxpwMKlHqScsJO0mLAo=
github.com/speedata/goxpath v1.0.19 h1:cP8fPPUKH9XHSKx+pTrXLt1/JUZw8b7M/ROpi/Y8V0I=
github.com/speedata/goxpath v1.0.19/go.mod h1:pHarVNKeRc0jWFBPHo3JuxP3qxpwMKlHqScsJO0mLAo=
github.com/speedata/optionparser v1.2.1 h1:h/fN19txdNyY6esRvLAEvh5ntic79r80fDI8D8+6y8g=
github.com/speedata/optionparser v1.2.1/go.mod h1:JzOMd1kGlM5gtPBy7reOayfHsTXCvd6P4JU8BW0LicE=
golang.org/x/net v0.57.0 h1:K5+3DljvIuDG9/Jv9rvyMywYNFCQ9RSUY6OOTTkT+tE=
golang.org/x/net v0.57.0/go.mod h1:KpXc8iv+r3XplLAG/f7Jsf9RPszJzdR0f58q9vGOuEU=
golang.org/x/text v0.40.0 h1:Ub2Z6/xjgF1WrYQz2nuITOEegKFtiIy+rieRJ5lHZKs=
golang.org/x/text v0.40.0/go.mod h1:hpnzDAfGV753zIKo+wk3u1bVKCGPbrnF7+7LBF/UHVY=
